
Microsoft Visual Studio Solution File, Format Version 12.00
# Visual Studio Version 17
VisualStudioVersion = 17.0.32014.148
MinimumVisualStudioVersion = 10.0.40219.1
Project("{FAE04EC0-301F-11D3-BF4B-00C04F79EFBC}") = "ShuffleTester", "ShuffleTester.csproj", "{B088CB0B-E3F1-42C1-851C-DFCE2B9AEA98}"
EndProject
Global
	GlobalSection(SolutionConfigurationPlatforms) = preSolution
		Debug|Any CPU = Debug|Any CPU
		Release|Any CPU = Release|Any CPU
	EndGlobalSection
	GlobalSection(ProjectConfigurationPlatforms) = postSolution
		{B088CB0B-E3F1-42C1-851C-DFCE2B9AEA98}.Debug|Any CPU.ActiveCfg = Debug|Any CPU
		{B088CB0B-E3F1-42C1-851C-DFCE2B9AEA98}.Debug|Any CPU.Build.0 = Debug|Any CPU
		{B088CB0B-E3F1-42C1-851C-DFCE2B9AEA98}.Release|Any CPU.ActiveCfg = Release|Any CPU
		{B088CB0B-E3F1-42C1-851C-DFCE2B9AEA98}.Release|Any CPU.Build.0 = Release|Any CPU
	EndGlobalSection
	GlobalSection(SolutionProperties) = preSolution
		HideSolutionNode = FALSE
	EndGlobalSection
	GlobalSection(ExtensibilityGlobals) = postSolution
		SolutionGuid = {F7CB106D-6590-4B90-8695-A2684064818C}
	EndGlobalSection
EndGlobal
